
Microsoft Visual Studio Solution File, Format Version 12.00
# Visual Studio 15
VisualStudioVersion = 15.0.27004.2010
MinimumVisualStudioVersion = 10.0.40219.1
Project("{FAE04EC0-301F-11D3-BF4B-00C04F79EFBC}") = "EventStore", "EventStore\EventStore.csproj", "{D8E8BD25-E0FC-436B-BD9A-E35040D16B87}"
EndProject
Project("{2150E333-8FDC-42A3-9474-1A3956D46DE8}") = "Tests", "Tests", "{95CE917C-795E-4893-9C74-DE9CC68325B1}"
EndProject
Project("{FAE04EC0-301F-11D3-BF4B-00C04F79EFBC}") = "EventStoreTests", "EventStoreTests\EventStoreTests.csproj", "{9646F693-2209-4DE9-985B-CD042B09FC22}"
EndProject
Project("{FAE04EC0-301F-11D3-BF4B-00C04F79EFBC}") = "Event", "Event\Event.csproj", "{4D388182-0B9B-4652-BAB5-7060A348C941}"
EndProject
Project("{FAE04EC0-301F-11D3-BF4B-00C04F79EFBC}") = "EventSerialization", "EventSerialization\EventSerialization.csproj", "{F22A8816-01AB-49EE-84BE-4B29CA193D71}"
EndProject
Global
	GlobalSection(SolutionConfigurationPlatforms) = preSolution
		Debug|Any CPU = Debug|Any CPU
		Debug|x64 = Debug|x64
		Debug|x86 = Debug|x86
		Release|Any CPU = Release|Any CPU
		Release|x64 = Release|x64
		Release|x86 = Release|x86
	EndGlobalSection
	GlobalSection(ProjectConfigurationPlatforms) = postSolution
		{D8E8BD25-E0FC-436B-BD9A-E35040D16B87}.Debug|Any CPU.ActiveCfg = Debug|Any CPU
		{D8E8BD25-E0FC-436B-BD9A-E35040D16B87}.Debug|Any CPU.Build.0 = Debug|Any CPU
		{D8E8BD25-E0FC-436B-BD9A-E35040D16B87}.Debug|x64.ActiveCfg = Debug|x64
		{D8E8BD25-E0FC-436B-BD9A-E35040D16B87}.Debug|x64.Build.0 = Debug|x64
		{D8E8BD25-E0FC-436B-BD9A-E35040D16B87}.Debug|x86.ActiveCfg = Debug|x86
		{D8E8BD25-E0FC-436B-BD9A-E35040D16B87}.Debug|x86.Build.0 = Debug|x86
		{D8E8BD25-E0FC-436B-BD9A-E35040D16B87}.Release|Any CPU.ActiveCfg = Release|Any CPU
		{D8E8BD25-E0FC-436B-BD9A-E35040D16B87}.Release|Any CPU.Build.0 = Release|Any CPU
		{D8E8BD25-E0FC-436B-BD9A-E35040D16B87}.Release|x64.ActiveCfg = Release|x64
		{D8E8BD25-E0FC-436B-BD9A-E35040D16B87}.Release|x64.Build.0 = Release|x64
		{D8E8BD25-E0FC-436B-BD9A-E35040D16B87}.Release|x86.ActiveCfg = Release|x86
		{D8E8BD25-E0FC-436B-BD9A-E35040D16B87}.Release|x86.Build.0 = Release|x86
		{9646F693-2209-4DE9-985B-CD042B09FC22}.Debug|Any CPU.ActiveCfg = Debug|Any CPU
		{9646F693-2209-4DE9-985B-CD042B09FC22}.Debug|Any CPU.Build.0 = Debug|Any CPU
		{9646F693-2209-4DE9-985B-CD042B09FC22}.Debug|x64.ActiveCfg = Debug|x64
		{9646F693-2209-4DE9-985B-CD042B09FC22}.Debug|x64.Build.0 = Debug|x64
		{9646F693-2209-4DE9-985B-CD042B09FC22}.Debug|x86.ActiveCfg = Debug|x86
		{9646F693-2209-4DE9-985B-CD042B09FC22}.Debug|x86.Build.0 = Debug|x86
		{9646F693-2209-4DE9-985B-CD042B09FC22}.Release|Any CPU.ActiveCfg = Release|Any CPU
		{9646F693-2209-4DE9-985B-CD042B09FC22}.Release|Any CPU.Build.0 = Release|Any CPU
		{9646F693-2209-4DE9-985B-CD042B09FC22}.Release|x64.ActiveCfg = Release|x64
		{9646F693-2209-4DE9-985B-CD042B09FC22}.Release|x64.Build.0 = Release|x64
		{9646F693-2209-4DE9-985B-CD042B09FC22}.Release|x86.ActiveCfg = Release|x86
		{9646F693-2209-4DE9-985B-CD042B09FC22}.Release|x86.Build.0 = Release|x86
		{4D388182-0B9B-4652-BAB5-7060A348C941}.Debug|Any CPU.ActiveCfg = Debug|Any CPU
		{4D388182-0B9B-4652-BAB5-7060A348C941}.Debug|Any CPU.Build.0 = Debug|Any CPU
		{4D388182-0B9B-4652-BAB5-7060A348C941}.Debug|x64.ActiveCfg = Debug|x64
		{4D388182-0B9B-4652-BAB5-7060A348C941}.Debug|x64.Build.0 = Debug|x64
		{4D388182-0B9B-4652-BAB5-7060A348C941}.Debug|x86.ActiveCfg = Debug|x86
		{4D388182-0B9B-4652-BAB5-7060A348C941}.Debug|x86.Build.0 = Debug|x86
		{4D388182-0B9B-4652-BAB5-7060A348C941}.Release|Any CPU.ActiveCfg = Release|Any CPU
		{4D388182-0B9B-4652-BAB5-7060A348C941}.Release|Any CPU.Build.0 = Release|Any CPU
		{4D388182-0B9B-4652-BAB5-7060A348C941}.Release|x64.ActiveCfg = Release|x64
		{4D388182-0B9B-4652-BAB5-7060A348C941}.Release|x64.Build.0 = Release|x64
		{4D388182-0B9B-4652-BAB5-7060A348C941}.Release|x86.ActiveCfg = Release|x86
		{4D388182-0B9B-4652-BAB5-7060A348C941}.Release|x86.Build.0 = Release|x86
		{F22A8816-01AB-49EE-84BE-4B29CA193D71}.Debug|Any CPU.ActiveCfg = Debug|Any CPU
		{F22A8816-01AB-49EE-84BE-4B29CA193D71}.Debug|Any CPU.Build.0 = Debug|Any CPU
		{F22A8816-01AB-49EE-84BE-4B29CA193D71}.Debug|x64.ActiveCfg = Debug|x64
		{F22A8816-01AB-49EE-84BE-4B29CA193D71}.Debug|x64.Build.0 = Debug|x64
		{F22A8816-01AB-49EE-84BE-4B29CA193D71}.Debug|x86.ActiveCfg = Debug|x86
		{F22A8816-01AB-49EE-84BE-4B29CA193D71}.Debug|x86.Build.0 = Debug|x86
		{F22A8816-01AB-49EE-84BE-4B29CA193D71}.Release|Any CPU.ActiveCfg = Release|Any CPU
		{F22A8816-01AB-49EE-84BE-4B29CA193D71}.Release|Any CPU.Build.0 = Release|Any CPU
		{F22A8816-01AB-49EE-84BE-4B29CA193D71}.Release|x64.ActiveCfg = Release|x64
		{F22A8816-01AB-49EE-84BE-4B29CA193D71}.Release|x64.Build.0 = Release|x64
		{F22A8816-01AB-49EE-84BE-4B29CA193D71}.Release|x86.ActiveCfg = Release|x86
		{F22A8816-01AB-49EE-84BE-4B29CA193D71}.Release|x86.Build.0 = Release|x86
	EndGlobalSection
	GlobalSection(SolutionProperties) = preSolution
		HideSolutionNode = FALSE
	EndGlobalSection
	GlobalSection(NestedProjects) = preSolution
		{9646F693-2209-4DE9-985B-CD042B09FC22} = {95CE917C-795E-4893-9C74-DE9CC68325B1}
	EndGlobalSection
	GlobalSection(ExtensibilityGlobals) = postSolution
		SolutionGuid = {BF74E0B6-2400-4BEB-BAA2-3823A1A7E47E}
	EndGlobalSection
EndGlobal
