
Microsoft Visual Studio Solution File, Format Version 12.00
# Visual Studio 15
VisualStudioVersion = 15.0.27004.2010
MinimumVisualStudioVersion = 10.0.40219.1
Project("{2150E333-8FDC-42A3-9474-1A3956D46DE8}") = "Tests", "Tests", "{95CE917C-795E-4893-9C74-DE9CC68325B1}"
EndProject
Project("{FAE04EC0-301F-11D3-BF4B-00C04F79EFBC}") = "Event", "Event\Event.csproj", "{B135EDDE-EA92-4622-955F-A5D7ADD3B0CD}"
EndProject
Project("{FAE04EC0-301F-11D3-BF4B-00C04F79EFBC}") = "EventSerialization", "EventSerialization\EventSerialization.csproj", "{05C5D697-83BD-48F3-942E-4B81EC75581D}"
EndProject
Project("{FAE04EC0-301F-11D3-BF4B-00C04F79EFBC}") = "EventStore", "EventStore\EventStore.csproj", "{4710CBB0-2B3A-4D58-8936-F880516D1DEB}"
EndProject
Project("{FAE04EC0-301F-11D3-BF4B-00C04F79EFBC}") = "EventStoreTests", "EventStoreTests\EventStoreTests.csproj", "{C4E0798D-C6B8-431C-90F8-CDA986CD9FDD}"
EndProject
Global
	GlobalSection(SolutionConfigurationPlatforms) = preSolution
		Debug|Any CPU = Debug|Any CPU
		Debug|x64 = Debug|x64
		Debug|x86 = Debug|x86
		Release|Any CPU = Release|Any CPU
		Release|x64 = Release|x64
		Release|x86 = Release|x86
	EndGlobalSection
	GlobalSection(ProjectConfigurationPlatforms) = postSolution
		{B135EDDE-EA92-4622-955F-A5D7ADD3B0CD}.Debug|Any CPU.ActiveCfg = Debug|Any CPU
		{B135EDDE-EA92-4622-955F-A5D7ADD3B0CD}.Debug|Any CPU.Build.0 = Debug|Any CPU
		{B135EDDE-EA92-4622-955F-A5D7ADD3B0CD}.Debug|x64.ActiveCfg = Debug|Any CPU
		{B135EDDE-EA92-4622-955F-A5D7ADD3B0CD}.Debug|x64.Build.0 = Debug|Any CPU
		{B135EDDE-EA92-4622-955F-A5D7ADD3B0CD}.Debug|x86.ActiveCfg = Debug|Any CPU
		{B135EDDE-EA92-4622-955F-A5D7ADD3B0CD}.Debug|x86.Build.0 = Debug|Any CPU
		{B135EDDE-EA92-4622-955F-A5D7ADD3B0CD}.Release|Any CPU.ActiveCfg = Release|Any CPU
		{B135EDDE-EA92-4622-955F-A5D7ADD3B0CD}.Release|Any CPU.Build.0 = Release|Any CPU
		{B135EDDE-EA92-4622-955F-A5D7ADD3B0CD}.Release|x64.ActiveCfg = Release|Any CPU
		{B135EDDE-EA92-4622-955F-A5D7ADD3B0CD}.Release|x64.Build.0 = Release|Any CPU
		{B135EDDE-EA92-4622-955F-A5D7ADD3B0CD}.Release|x86.ActiveCfg = Release|Any CPU
		{B135EDDE-EA92-4622-955F-A5D7ADD3B0CD}.Release|x86.Build.0 = Release|Any CPU
		{05C5D697-83BD-48F3-942E-4B81EC75581D}.Debug|Any CPU.ActiveCfg = Debug|Any CPU
		{05C5D697-83BD-48F3-942E-4B81EC75581D}.Debug|Any CPU.Build.0 = Debug|Any CPU
		{05C5D697-83BD-48F3-942E-4B81EC75581D}.Debug|x64.ActiveCfg = Debug|Any CPU
		{05C5D697-83BD-48F3-942E-4B81EC75581D}.Debug|x64.Build.0 = Debug|Any CPU
		{05C5D697-83BD-48F3-942E-4B81EC75581D}.Debug|x86.ActiveCfg = Debug|Any CPU
		{05C5D697-83BD-48F3-942E-4B81EC75581D}.Debug|x86.Build.0 = Debug|Any CPU
		{05C5D697-83BD-48F3-942E-4B81EC75581D}.Release|Any CPU.ActiveCfg = Release|Any CPU
		{05C5D697-83BD-48F3-942E-4B81EC75581D}.Release|Any CPU.Build.0 = Release|Any CPU
		{05C5D697-83BD-48F3-942E-4B81EC75581D}.Release|x64.ActiveCfg = Release|Any CPU
		{05C5D697-83BD-48F3-942E-4B81EC75581D}.Release|x64.Build.0 = Release|Any CPU
		{05C5D697-83BD-48F3-942E-4B81EC75581D}.Release|x86.ActiveCfg = Release|Any CPU
		{05C5D697-83BD-48F3-942E-4B81EC75581D}.Release|x86.Build.0 = Release|Any CPU
		{4710CBB0-2B3A-4D58-8936-F880516D1DEB}.Debug|Any CPU.ActiveCfg = Debug|Any CPU
		{4710CBB0-2B3A-4D58-8936-F880516D1DEB}.Debug|Any CPU.Build.0 = Debug|Any CPU
		{4710CBB0-2B3A-4D58-8936-F880516D1DEB}.Debug|x64.ActiveCfg = Debug|Any CPU
		{4710CBB0-2B3A-4D58-8936-F880516D1DEB}.Debug|x64.Build.0 = Debug|Any CPU
		{4710CBB0-2B3A-4D58-8936-F880516D1DEB}.Debug|x86.ActiveCfg = Debug|Any CPU
		{4710CBB0-2B3A-4D58-8936-F880516D1DEB}.Debug|x86.Build.0 = Debug|Any CPU
		{4710CBB0-2B3A-4D58-8936-F880516D1DEB}.Release|Any CPU.ActiveCfg = Release|Any CPU
		{4710CBB0-2B3A-4D58-8936-F880516D1DEB}.Release|Any CPU.Build.0 = Release|Any CPU
		{4710CBB0-2B3A-4D58-8936-F880516D1DEB}.Release|x64.ActiveCfg = Release|Any CPU
		{4710CBB0-2B3A-4D58-8936-F880516D1DEB}.Release|x64.Build.0 = Release|Any CPU
		{4710CBB0-2B3A-4D58-8936-F880516D1DEB}.Release|x86.ActiveCfg = Release|Any CPU
		{4710CBB0-2B3A-4D58-8936-F880516D1DEB}.Release|x86.Build.0 = Release|Any CPU
		{C4E0798D-C6B8-431C-90F8-CDA986CD9FDD}.Debug|Any CPU.ActiveCfg = Debug|Any CPU
		{C4E0798D-C6B8-431C-90F8-CDA986CD9FDD}.Debug|Any CPU.Build.0 = Debug|Any CPU
		{C4E0798D-C6B8-431C-90F8-CDA986CD9FDD}.Debug|x64.ActiveCfg = Debug|Any CPU
		{C4E0798D-C6B8-431C-90F8-CDA986CD9FDD}.Debug|x64.Build.0 = Debug|Any CPU
		{C4E0798D-C6B8-431C-90F8-CDA986CD9FDD}.Debug|x86.ActiveCfg = Debug|Any CPU
		{C4E0798D-C6B8-431C-90F8-CDA986CD9FDD}.Debug|x86.Build.0 = Debug|Any CPU
		{C4E0798D-C6B8-431C-90F8-CDA986CD9FDD}.Release|Any CPU.ActiveCfg = Release|Any CPU
		{C4E0798D-C6B8-431C-90F8-CDA986CD9FDD}.Release|Any CPU.Build.0 = Release|Any CPU
		{C4E0798D-C6B8-431C-90F8-CDA986CD9FDD}.Release|x64.ActiveCfg = Release|Any CPU
		{C4E0798D-C6B8-431C-90F8-CDA986CD9FDD}.Release|x64.Build.0 = Release|Any CPU
		{C4E0798D-C6B8-431C-90F8-CDA986CD9FDD}.Release|x86.ActiveCfg = Release|Any CPU
		{C4E0798D-C6B8-431C-90F8-CDA986CD9FDD}.Release|x86.Build.0 = Release|Any CPU
	EndGlobalSection
	GlobalSection(SolutionProperties) = preSolution
		HideSolutionNode = FALSE
	EndGlobalSection
	GlobalSection(NestedProjects) = preSolution
		{C4E0798D-C6B8-431C-90F8-CDA986CD9FDD} = {95CE917C-795E-4893-9C74-DE9CC68325B1}
	EndGlobalSection
	GlobalSection(ExtensibilityGlobals) = postSolution
		SolutionGuid = {BF74E0B6-2400-4BEB-BAA2-3823A1A7E47E}
	EndGlobalSection
EndGlobal
